
Microsoft Visual Studio Solution File, Format Version 12.00
# Visual Studio Version 17
VisualStudioVersion = 17.6.33829.357
MinimumVisualStudioVersion = 10.0.40219.1
Project("{FAE04EC0-301F-11D3-BF4B-00C04F79EFBC}") = "DependencyInjection", "DependencyInjection\DependencyInjection.csproj", "{59D58B52-BA30-444D-8595-6AE1551A3806}"
EndProject
Project("{FAE04EC0-301F-11D3-BF4B-00C04F79EFBC}") = "Interception", "Interception\Interception.csproj", "{B08710D3-5742-43C7-BC40-C2141DC679A9}"
EndProject
Project("{FAE04EC0-301F-11D3-BF4B-00C04F79EFBC}") = "ExampleServices", "ExampleServices\ExampleServices.csproj", "{CD9EBEC1-2971-4398-9451-A8F529A33392}"
EndProject
Project("{FAE04EC0-301F-11D3-BF4B-00C04F79EFBC}") = "DemoUI", "DemoUI\DemoUI.csproj", "{46A02C72-9D07-4F81-8ABD-1DF42504BA04}"
EndProject
Project("{FAE04EC0-301F-11D3-BF4B-00C04F79EFBC}") = "DependencyInjection.WinForms", "DependencyInjection.WinForms\DependencyInjection.WinForms.csproj", "{C304B0F4-5501-44F8-9D7D-B673FD01BC6B}"
EndProject
Global
	GlobalSection(SolutionConfigurationPlatforms) = preSolution
		Debug|Any CPU = Debug|Any CPU
		Release|Any CPU = Release|Any CPU
	EndGlobalSection
	GlobalSection(ProjectConfigurationPlatforms) = postSolution
		{59D58B52-BA30-444D-8595-6AE1551A3806}.Debug|Any CPU.ActiveCfg = Debug|Any CPU
		{59D58B52-BA30-444D-8595-6AE1551A3806}.Debug|Any CPU.Build.0 = Debug|Any CPU
		{59D58B52-BA30-444D-8595-6AE1551A3806}.Release|Any CPU.ActiveCfg = Release|Any CPU
		{59D58B52-BA30-444D-8595-6AE1551A3806}.Release|Any CPU.Build.0 = Release|Any CPU
		{B08710D3-5742-43C7-BC40-C2141DC679A9}.Debug|Any CPU.ActiveCfg = Debug|Any CPU
		{B08710D3-5742-43C7-BC40-C2141DC679A9}.Debug|Any CPU.Build.0 = Debug|Any CPU
		{B08710D3-5742-43C7-BC40-C2141DC679A9}.Release|Any CPU.ActiveCfg = Release|Any CPU
		{B08710D3-5742-43C7-BC40-C2141DC679A9}.Release|Any CPU.Build.0 = Release|Any CPU
		{CD9EBEC1-2971-4398-9451-A8F529A33392}.Debug|Any CPU.ActiveCfg = Debug|Any CPU
		{CD9EBEC1-2971-4398-9451-A8F529A33392}.Debug|Any CPU.Build.0 = Debug|Any CPU
		{CD9EBEC1-2971-4398-9451-A8F529A33392}.Release|Any CPU.ActiveCfg = Release|Any CPU
		{CD9EBEC1-2971-4398-9451-A8F529A33392}.Release|Any CPU.Build.0 = Release|Any CPU
		{46A02C72-9D07-4F81-8ABD-1DF42504BA04}.Debug|Any CPU.ActiveCfg = Debug|Any CPU
		{46A02C72-9D07-4F81-8ABD-1DF42504BA04}.Debug|Any CPU.Build.0 = Debug|Any CPU
		{46A02C72-9D07-4F81-8ABD-1DF42504BA04}.Release|Any CPU.ActiveCfg = Release|Any CPU
		{46A02C72-9D07-4F81-8ABD-1DF42504BA04}.Release|Any CPU.Build.0 = Release|Any CPU
		{C304B0F4-5501-44F8-9D7D-B673FD01BC6B}.Debug|Any CPU.ActiveCfg = Debug|Any CPU
		{C304B0F4-5501-44F8-9D7D-B673FD01BC6B}.Debug|Any CPU.Build.0 = Debug|Any CPU
		{C304B0F4-5501-44F8-9D7D-B673FD01BC6B}.Release|Any CPU.ActiveCfg = Release|Any CPU
		{C304B0F4-5501-44F8-9D7D-B673FD01BC6B}.Release|Any CPU.Build.0 = Release|Any CPU
	EndGlobalSection
	GlobalSection(SolutionProperties) = preSolution
		HideSolutionNode = FALSE
	EndGlobalSection
	GlobalSection(ExtensibilityGlobals) = postSolution
		SolutionGuid = {5A0A1164-8AB6-4091-9D82-15F8C0BC623E}
	EndGlobalSection
EndGlobal
